// !$*UTF8*$!
{
	archiveVersion = 1;
	classes = {
	};
	objectVersion = 56;
	objects = {

/* Begin PBXBuildFile section */
		5B923DD229F20891004C4328 /* Dog_CatApp.swift in Sources */ = {isa = PBXBuildFile; fileRef = 5B923DD129F20891004C4328 /* Dog_CatApp.swift */; };
		5B923DD429F20891004C4328 /* ContentView.swift in Sources */ = {isa = PBXBuildFile; fileRef = 5B923DD329F20891004C4328 /* ContentView.swift */; };
		5B923DD629F20895004C4328 /* Assets.xcassets in Resources */ = {isa = PBXBuildFile; fileRef = 5B923DD529F20895004C4328 /* Assets.xcassets */; };
		5B923DD929F20895004C4328 /* Preview Assets.xcassets in Resources */ = {isa = PBXBuildFile; fileRef = 5B923DD829F20895004C4328 /* Preview Assets.xcassets */; };
		5B923DE029F2276C004C4328 /* AnimalsView.swift in Sources */ = {isa = PBXBuildFile; fileRef = 5B923DDF29F2276C004C4328 /* AnimalsView.swift */; };
		5B923DE229F228E0004C4328 /* Image.swift in Sources */ = {isa = PBXBuildFile; fileRef = 5B923DE129F228E0004C4328 /* Image.swift */; };
		5B923DE429F237C0004C4328 /* Breeds.swift in Sources */ = {isa = PBXBuildFile; fileRef = 5B923DE329F237C0004C4328 /* Breeds.swift */; };
		5B923DE629F2DBE7004C4328 /* AnimalsView_ViewModel.swift in Sources */ = {isa = PBXBuildFile; fileRef = 5B923DE529F2DBE7004C4328 /* AnimalsView_ViewModel.swift */; };
		5B923DE829F350BA004C4328 /* AnimalPicImage.swift in Sources */ = {isa = PBXBuildFile; fileRef = 5B923DE729F350B9004C4328 /* AnimalPicImage.swift */; };
		5B923DEA29F352FC004C4328 /* AnimalsSubBreedView.swift in Sources */ = {isa = PBXBuildFile; fileRef = 5B923DE929F352FC004C4328 /* AnimalsSubBreedView.swift */; };
		5B923DEC29F35665004C4328 /* AnimalsSubBreedView_ViewModel.swift in Sources */ = {isa = PBXBuildFile; fileRef = 5B923DEB29F35665004C4328 /* AnimalsSubBreedView_ViewModel.swift */; };
		5B923DF029F77E46004C4328 /* DecodingClasses.swift in Sources */ = {isa = PBXBuildFile; fileRef = 5B923DEF29F77E46004C4328 /* DecodingClasses.swift */; };
		5B923DF229F781AA004C4328 /* CatsView.swift in Sources */ = {isa = PBXBuildFile; fileRef = 5B923DF129F781AA004C4328 /* CatsView.swift */; };
		5B923DF429F7826A004C4328 /* CatsView_ViewModel.swift in Sources */ = {isa = PBXBuildFile; fileRef = 5B923DF329F7826A004C4328 /* CatsView_ViewModel.swift */; };
/* End PBXBuildFile section */

/* Begin PBXFileReference section */
		5B923DCE29F20891004C4328 /* Dog&Cat.app */ = {isa = PBXFileReference; explicitFileType = wrapper.application; includeInIndex = 0; path = "Dog&Cat.app"; sourceTree = BUILT_PRODUCTS_DIR; };
		5B923DD129F20891004C4328 /* Dog_CatApp.swift */ = {isa = PBXFileReference; lastKnownFileType = sourcecode.swift; path = Dog_CatApp.swift; sourceTree = "<group>"; };
		5B923DD329F20891004C4328 /* ContentView.swift */ = {isa = PBXFileReference; lastKnownFileType = sourcecode.swift; path = ContentView.swift; sourceTree = "<group>"; };
		5B923DD529F20895004C4328 /* Assets.xcassets */ = {isa = PBXFileReference; lastKnownFileType = folder.assetcatalog; path = Assets.xcassets; sourceTree = "<group>"; };
		5B923DD829F20895004C4328 /* Preview Assets.xcassets */ = {isa = PBXFileReference; lastKnownFileType = folder.assetcatalog; path = "Preview Assets.xcassets"; sourceTree = "<group>"; };
		5B923DDF29F2276C004C4328 /* AnimalsView.swift */ = {isa = PBXFileReference; lastKnownFileType = sourcecode.swift; path = AnimalsView.swift; sourceTree = "<group>"; };
		5B923DE129F228E0004C4328 /* Image.swift */ = {isa = PBXFileReference; lastKnownFileType = sourcecode.swift; path = Image.swift; sourceTree = "<group>"; };
		5B923DE329F237C0004C4328 /* Breeds.swift */ = {isa = PBXFileReference; lastKnownFileType = sourcecode.swift; path = Breeds.swift; sourceTree = "<group>"; };
		5B923DE529F2DBE7004C4328 /* AnimalsView_ViewModel.swift */ = {isa = PBXFileReference; lastKnownFileType = sourcecode.swift; path = AnimalsView_ViewModel.swift; sourceTree = "<group>"; };
		5B923DE729F350B9004C4328 /* AnimalPicImage.swift */ = {isa = PBXFileReference; lastKnownFileType = sourcecode.swift; path = AnimalPicImage.swift; sourceTree = "<group>"; };
		5B923DE929F352FC004C4328 /* AnimalsSubBreedView.swift */ = {isa = PBXFileReference; lastKnownFileType = sourcecode.swift; path = AnimalsSubBreedView.swift; sourceTree = "<group>"; };
		5B923DEB29F35665004C4328 /* AnimalsSubBreedView_ViewModel.swift */ = {isa = PBXFileReference; lastKnownFileType = sourcecode.swift; path = AnimalsSubBreedView_ViewModel.swift; sourceTree = "<group>"; };
		5B923DEF29F77E46004C4328 /* DecodingClasses.swift */ = {isa = PBXFileReference; lastKnownFileType = sourcecode.swift; path = DecodingClasses.swift; sourceTree = "<group>"; };
		5B923DF129F781AA004C4328 /* CatsView.swift */ = {isa = PBXFileReference; lastKnownFileType = sourcecode.swift; path = CatsView.swift; sourceTree = "<group>"; };
		5B923DF329F7826A004C4328 /* CatsView_ViewModel.swift */ = {isa = PBXFileReference; lastKnownFileType = sourcecode.swift; path = CatsView_ViewModel.swift; sourceTree = "<group>"; };
/* End PBXFileReference section */

/* Begin PBXFrameworksBuildPhase section */
		5B923DCB29F20891004C4328 /* Frameworks */ = {
			isa = PBXFrameworksBuildPhase;
			buildActionMask = 2147483647;
			files = (
			);
			runOnlyForDeploymentPostprocessing = 0;
		};
/* End PBXFrameworksBuildPhase section */

/* Begin PBXGroup section */
		5B923DC529F20891004C4328 = {
			isa = PBXGroup;
			children = (
				5B923DF129F781AA004C4328 /* CatsView.swift */,
				5B923DF329F7826A004C4328 /* CatsView_ViewModel.swift */,
				5B923DEF29F77E46004C4328 /* DecodingClasses.swift */,
				5B923DEB29F35665004C4328 /* AnimalsSubBreedView_ViewModel.swift */,
				5B923DE929F352FC004C4328 /* AnimalsSubBreedView.swift */,
				5B923DE729F350B9004C4328 /* AnimalPicImage.swift */,
				5B923DD029F20891004C4328 /* Dog&Cat */,
				5B923DCF29F20891004C4328 /* Products */,
			);
			sourceTree = "<group>";
		};
		5B923DCF29F20891004C4328 /* Products */ = {
			isa = PBXGroup;
			children = (
				5B923DCE29F20891004C4328 /* Dog&Cat.app */,
			);
			name = Products;
			sourceTree = "<group>";
		};
		5B923DD029F20891004C4328 /* Dog&Cat */ = {
			isa = PBXGroup;
			children = (
				5B923DD129F20891004C4328 /* Dog_CatApp.swift */,
				5B923DD329F20891004C4328 /* ContentView.swift */,
				5B923DDF29F2276C004C4328 /* AnimalsView.swift */,
				5B923DE529F2DBE7004C4328 /* AnimalsView_ViewModel.swift */,
				5B923DE329F237C0004C4328 /* Breeds.swift */,
				5B923DE129F228E0004C4328 /* Image.swift */,
				5B923DD529F20895004C4328 /* Assets.xcassets */,
				5B923DD729F20895004C4328 /* Preview Content */,
			);
			path = "Dog&Cat";
			sourceTree = "<group>";
		};
		5B923DD729F20895004C4328 /* Preview Content */ = {
			isa = PBXGroup;
			children = (
				5B923DD829F20895004C4328 /* Preview Assets.xcassets */,
			);
			path = "Preview Content";
			sourceTree = "<group>";
		};
/* End PBXGroup section */

/* Begin PBXNativeTarget section */
		5B923DCD29F20891004C4328 /* Dog&Cat */ = {
			isa = PBXNativeTarget;
			buildConfigurationList = 5B923DDC29F20895004C4328 /* Build configuration list for PBXNativeTarget "Dog&Cat" */;
			buildPhases = (
				5B923DCA29F20891004C4328 /* Sources */,
				5B923DCB29F20891004C4328 /* Frameworks */,
				5B923DCC29F20891004C4328 /* Resources */,
			);
			buildRules = (
			);
			dependencies = (
			);
			name = "Dog&Cat";
			productName = "Dog&Cat";
			productReference = 5B923DCE29F20891004C4328 /* Dog&Cat.app */;
			productType = "com.apple.product-type.application";
		};
/* End PBXNativeTarget section */

/* Begin PBXProject section */
		5B923DC629F20891004C4328 /* Project object */ = {
			isa = PBXProject;
			attributes = {
				BuildIndependentTargetsInParallel = 1;
				LastSwiftUpdateCheck = 1420;
				LastUpgradeCheck = 1420;
				TargetAttributes = {
					5B923DCD29F20891004C4328 = {
						CreatedOnToolsVersion = 14.2;
					};
				};
			};
			buildConfigurationList = 5B923DC929F20891004C4328 /* Build configuration list for PBXProject "Dog&Cat" */;
			compatibilityVersion = "Xcode 14.0";
			developmentRegion = en;
			hasScannedForEncodings = 0;
			knownRegions = (
				en,
				Base,
			);
			mainGroup = 5B923DC529F20891004C4328;
			productRefGroup = 5B923DCF29F20891004C4328 /* Products */;
			projectDirPath = "";
			projectRoot = "";
			targets = (
				5B923DCD29F20891004C4328 /* Dog&Cat */,
			);
		};
/* End PBXProject section */

/* Begin PBXResourcesBuildPhase section */
		5B923DCC29F20891004C4328 /* Resources */ = {
			isa = PBXResourcesBuildPhase;
			buildActionMask = 2147483647;
			files = (
				5B923DD929F20895004C4328 /* Preview Assets.xcassets in Resources */,
				5B923DD629F20895004C4328 /* Assets.xcassets in Resources */,
			);
			runOnlyForDeploymentPostprocessing = 0;
		};
/* End PBXResourcesBuildPhase section */

/* Begin PBXSourcesBuildPhase section */
		5B923DCA29F20891004C4328 /* Sources */ = {
			isa = PBXSourcesBuildPhase;
			buildActionMask = 2147483647;
			files = (
				5B923DEA29F352FC004C4328 /* AnimalsSubBreedView.swift in Sources */,
				5B923DE429F237C0004C4328 /* Breeds.swift in Sources */,
				5B923DEC29F35665004C4328 /* AnimalsSubBreedView_ViewModel.swift in Sources */,
				5B923DE829F350BA004C4328 /* AnimalPicImage.swift in Sources */,
				5B923DD429F20891004C4328 /* ContentView.swift in Sources */,
				5B923DF029F77E46004C4328 /* DecodingClasses.swift in Sources */,
				5B923DE229F228E0004C4328 /* Image.swift in Sources */,
				5B923DE629F2DBE7004C4328 /* AnimalsView_ViewModel.swift in Sources */,
				5B923DF429F7826A004C4328 /* CatsView_ViewModel.swift in Sources */,
				5B923DD229F20891004C4328 /* Dog_CatApp.swift in Sources */,
				5B923DE029F2276C004C4328 /* AnimalsView.swift in Sources */,
				5B923DF229F781AA004C4328 /* CatsView.swift in Sources */,
			);
			runOnlyForDeploymentPostprocessing = 0;
		};
/* End PBXSourcesBuildPhase section */

/* Begin XCBuildConfiguration section */
		5B923DDA29F20895004C4328 /* Debug */ = {
			isa = XCBuildConfiguration;
			buildSettings = {
				ALWAYS_SEARCH_USER_PATHS = NO;
				CLANG_ANALYZER_NONNULL = YES;
				CLANG_ANALYZER_NUMBER_OBJECT_CONVERSION = YES_AGGRESSIVE;
				CLANG_CXX_LANGUAGE_STANDARD = "gnu++20";
				CLANG_ENABLE_MODULES = YES;
				CLANG_ENABLE_OBJC_ARC = YES;
				CLANG_ENABLE_OBJC_WEAK = YES;
				CLANG_WARN_BLOCK_CAPTURE_AUTORELEASING = YES;
				CLANG_WARN_BOOL_CONVERSION = YES;
				CLANG_WARN_COMMA = YES;
				CLANG_WARN_CONSTANT_CONVERSION = YES;
				CLANG_WARN_DEPRECATED_OBJC_IMPLEMENTATIONS = YES;
				CLANG_WARN_DIRECT_OBJC_ISA_USAGE = YES_ERROR;
				CLANG_WARN_DOCUMENTATION_COMMENTS = YES;
				CLANG_WARN_EMPTY_BODY = YES;
				CLANG_WARN_ENUM_CONVERSION = YES;
				CLANG_WARN_INFINITE_RECURSION = YES;
				CLANG_WARN_INT_CONVERSION = YES;
				CLANG_WARN_NON_LITERAL_NULL_CONVERSION = YES;
				CLANG_WARN_OBJC_IMPLICIT_RETAIN_SELF = YES;
				CLANG_WARN_OBJC_LITERAL_CONVERSION = YES;
				CLANG_WARN_OBJC_ROOT_CLASS = YES_ERROR;
				CLANG_WARN_QUOTED_INCLUDE_IN_FRAMEWORK_HEADER = YES;
				CLANG_WARN_RANGE_LOOP_ANALYSIS = YES;
				CLANG_WARN_STRICT_PROTOTYPES = YES;
				CLANG_WARN_SUSPICIOUS_MOVE = YES;
				CLANG_WARN_UNGUARDED_AVAILABILITY = YES_AGGRESSIVE;
				CLANG_WARN_UNREACHABLE_CODE = YES;
				CLANG_WARN__DUPLICATE_METHOD_MATCH = YES;
				COPY_PHASE_STRIP = NO;
				DEBUG_INFORMATION_FORMAT = dwarf;
				ENABLE_STRICT_OBJC_MSGSEND = YES;
				ENABLE_TESTABILITY = YES;
				GCC_C_LANGUAGE_STANDARD = gnu11;
				GCC_DYNAMIC_NO_PIC = NO;
				GCC_NO_COMMON_BLOCKS = YES;
				GCC_OPTIMIZATION_LEVEL = 0;
				GCC_PREPROCESSOR_DEFINITIONS = (
					"DEBUG=1",
					"$(inherited)",
				);
				GCC_WARN_64_TO_32_BIT_CONVERSION = YES;
				GCC_WARN_ABOUT_RETURN_TYPE = YES_ERROR;
				GCC_WARN_UNDECLARED_SELECTOR = YES;
				GCC_WARN_UNINITIALIZED_AUTOS = YES_AGGRESSIVE;
				GCC_WARN_UNUSED_FUNCTION = YES;
				GCC_WARN_UNUSED_VARIABLE = YES;
				IPHONEOS_DEPLOYMENT_TARGET = 16.2;
				MTL_ENABLE_DEBUG_INFO = INCLUDE_SOURCE;
				MTL_FAST_MATH = YES;
				ONLY_ACTIVE_ARCH = YES;
				SDKROOT = iphoneos;
				SWIFT_ACTIVE_COMPILATION_CONDITIONS = DEBUG;
				SWIFT_OPTIMIZATION_LEVEL = "-Onone";
			};
			name = Debug;
		};
		5B923DDB29F20895004C4328 /* Release */ = {
			isa = XCBuildConfiguration;
			buildSettings = {
				ALWAYS_SEARCH_USER_PATHS = NO;
				CLANG_ANALYZER_NONNULL = YES;
				CLANG_ANALYZER_NUMBER_OBJECT_CONVERSION = YES_AGGRESSIVE;
				CLANG_CXX_LANGUAGE_STANDARD = "gnu++20";
				CLANG_ENABLE_MODULES = YES;
				CLANG_ENABLE_OBJC_ARC = YES;
				CLANG_ENABLE_OBJC_WEAK = YES;
				CLANG_WARN_BLOCK_CAPTURE_AUTORELEASING = YES;
				CLANG_WARN_BOOL_CONVERSION = YES;
				CLANG_WARN_COMMA = YES;
				CLANG_WARN_CONSTANT_CONVERSION = YES;
				CLANG_WARN_DEPRECATED_OBJC_IMPLEMENTATIONS = YES;
				CLANG_WARN_DIRECT_OBJC_ISA_USAGE = YES_ERROR;
				CLANG_WARN_DOCUMENTATION_COMMENTS = YES;
				CLANG_WARN_EMPTY_BODY = YES;
				CLANG_WARN_ENUM_CONVERSION = YES;
				CLANG_WARN_INFINITE_RECURSION = YES;
				CLANG_WARN_INT_CONVERSION = YES;
				CLANG_WARN_NON_LITERAL_NULL_CONVERSION = YES;
				CLANG_WARN_OBJC_IMPLICIT_RETAIN_SELF = YES;
				CLANG_WARN_OBJC_LITERAL_CONVERSION = YES;
				CLANG_WARN_OBJC_ROOT_CLASS = YES_ERROR;
				CLANG_WARN_QUOTED_INCLUDE_IN_FRAMEWORK_HEADER = YES;
				CLANG_WARN_RANGE_LOOP_ANALYSIS = YES;
				CLANG_WARN_STRICT_PROTOTYPES = YES;
				CLANG_WARN_SUSPICIOUS_MOVE = YES;
				CLANG_WARN_UNGUARDED_AVAILABILITY = YES_AGGRESSIVE;
				CLANG_WARN_UNREACHABLE_CODE = YES;
				CLANG_WARN__DUPLICATE_METHOD_MATCH = YES;
				COPY_PHASE_STRIP = NO;
				DEBUG_INFORMATION_FORMAT = "dwarf-with-dsym";
				ENABLE_NS_ASSERTIONS = NO;
				ENABLE_STRICT_OBJC_MSGSEND = YES;
				GCC_C_LANGUAGE_STANDARD = gnu11;
				GCC_NO_COMMON_BLOCKS = YES;
				GCC_WARN_64_TO_32_BIT_CONVERSION = YES;
				GCC_WARN_ABOUT_RETURN_TYPE = YES_ERROR;
				GCC_WARN_UNDECLARED_SELECTOR = YES;
				GCC_WARN_UNINITIALIZED_AUTOS = YES_AGGRESSIVE;
				GCC_WARN_UNUSED_FUNCTION = YES;
				GCC_WARN_UNUSED_VARIABLE = YES;
				IPHONEOS_DEPLOYMENT_TARGET = 16.2;
				MTL_ENABLE_DEBUG_INFO = NO;
				MTL_FAST_MATH = YES;
				SDKROOT = iphoneos;
				SWIFT_COMPILATION_MODE = wholemodule;
				SWIFT_OPTIMIZATION_LEVEL = "-O";
				VALIDATE_PRODUCT = YES;
			};
			name = Release;
		};
		5B923DDD29F20895004C4328 /* Debug */ = {
			isa = XCBuildConfiguration;
			buildSettings = {
				ASSETCATALOG_COMPILER_APPICON_NAME = AppIcon;
				ASSETCATALOG_COMPILER_GLOBAL_ACCENT_COLOR_NAME = AccentColor;
				CODE_SIGN_STYLE = Automatic;
				CURRENT_PROJECT_VERSION = 1;
				DEVELOPMENT_ASSET_PATHS = "\"Dog&Cat/Preview Content\"";
				DEVELOPMENT_TEAM = KBSC8RA6AY;
				ENABLE_PREVIEWS = YES;
				GENERATE_INFOPLIST_FILE = YES;
				INFOPLIST_KEY_UIApplicationSceneManifest_Generation = YES;
				INFOPLIST_KEY_UIApplicationSupportsIndirectInputEvents = YES;
				INFOPLIST_KEY_UILaunchScreen_Generation = YES;
				INFOPLIST_KEY_UISupportedInterfaceOrientations_iPad = "UIInterfaceOrientationPortrait UIInterfaceOrientationPortraitUpsideDown UIInterfaceOrientationLandscapeLeft UIInterfaceOrientationLandscapeRight";
				INFOPLIST_KEY_UISupportedInterfaceOrientations_iPhone = "UIInterfaceOrientationPortrait UIInterfaceOrientationLandscapeLeft UIInterfaceOrientationLandscapeRight";
				LD_RUNPATH_SEARCH_PATHS = (
					"$(inherited)",
					"@executable_path/Frameworks",
				);
				MARKETING_VERSION = 1.0;
				PRODUCT_BUNDLE_IDENTIFIER = "None.Dog-Cat";
				PRODUCT_NAME = "$(TARGET_NAME)";
				SWIFT_EMIT_LOC_STRINGS = YES;
				SWIFT_VERSION = 5.0;
				TARGETED_DEVICE_FAMILY = "1,2";
			};
			name = Debug;
		};
		5B923DDE29F20895004C4328 /* Release */ = {
			isa = XCBuildConfiguration;
			buildSettings = {
				ASSETCATALOG_COMPILER_APPICON_NAME = AppIcon;
				ASSETCATALOG_COMPILER_GLOBAL_ACCENT_COLOR_NAME = AccentColor;
				CODE_SIGN_STYLE = Automatic;
				CURRENT_PROJECT_VERSION = 1;
				DEVELOPMENT_ASSET_PATHS = "\"Dog&Cat/Preview Content\"";
				DEVELOPMENT_TEAM = KBSC8RA6AY;
				ENABLE_PREVIEWS = YES;
				GENERATE_INFOPLIST_FILE = YES;
				INFOPLIST_KEY_UIApplicationSceneManifest_Generation = YES;
				INFOPLIST_KEY_UIApplicationSupportsIndirectInputEvents = YES;
				INFOPLIST_KEY_UILaunchScreen_Generation = YES;
				INFOPLIST_KEY_UISupportedInterfaceOrientations_iPad = "UIInterfaceOrientationPortrait UIInterfaceOrientationPortraitUpsideDown UIInterfaceOrientationLandscapeLeft UIInterfaceOrientationLandscapeRight";
				INFOPLIST_KEY_UISupportedInterfaceOrientations_iPhone = "UIInterfaceOrientationPortrait UIInterfaceOrientationLandscapeLeft UIInterfaceOrientationLandscapeRight";
				LD_RUNPATH_SEARCH_PATHS = (
					"$(inherited)",
					"@executable_path/Frameworks",
				);
				MARKETING_VERSION = 1.0;
				PRODUCT_BUNDLE_IDENTIFIER = "None.Dog-Cat";
				PRODUCT_NAME = "$(TARGET_NAME)";
				SWIFT_EMIT_LOC_STRINGS = YES;
				SWIFT_VERSION = 5.0;
				TARGETED_DEVICE_FAMILY = "1,2";
			};
			name = Release;
		};
/* End XCBuildConfiguration section */

/* Begin XCConfigurationList section */
		5B923DC929F20891004C4328 /* Build configuration list for PBXProject "Dog&Cat" */ = {
			isa = XCConfigurationList;
			buildConfigurations = (
				5B923DDA29F20895004C4328 /* Debug */,
				5B923DDB29F20895004C4328 /* Release */,
			);
			defaultConfigurationIsVisible = 0;
			defaultConfigurationName = Release;
		};
		5B923DDC29F20895004C4328 /* Build configuration list for PBXNativeTarget "Dog&Cat" */ = {
			isa = XCConfigurationList;
			buildConfigurations = (
				5B923DDD29F20895004C4328 /* Debug */,
				5B923DDE29F20895004C4328 /* Release */,
			);
			defaultConfigurationIsVisible = 0;
			defaultConfigurationName = Release;
		};
/* End XCConfigurationList section */
	};
	rootObject = 5B923DC629F20891004C4328 /* Project object */;
}
